{
    "version": 3,
    "terraform_version": "0.11.14",
    "serial": 30,
    "lineage": "3202505f-10db-1301-f577-c103a0c5e389",
    "modules": [
        {
            "path": [
                "root"
            ],
            "outputs": {},
            "resources": {
                "aws_ebs_volume.ebs-vol-kafka1": {
                    "type": "aws_ebs_volume",
                    "depends_on": [],
                    "primary": {
                        "id": "vol-01d3759e0fd8306ca",
                        "attributes": {
                            "arn": "arn:aws:ec2:us-east-1:XXXXXXXXXXX:volume/vol-01d3759e0fd8306ca",
                            "availability_zone": "us-east-1a",
                            "encrypted": "false",
                            "id": "vol-01d3759e0fd8306ca",
                            "iops": "100",
                            "kms_key_id": "",
                            "size": "2",
                            "snapshot_id": "",
                            "tags.%": "1",
                            "tags.Name": "Volume for server kafka1",
                            "type": "gp2"
                        },
                        "meta": {},
                        "tainted": false
                    },
                    "deposed": [],
                    "provider": "provider.aws"
                },
                "aws_instance.kafka1": {
                    "type": "aws_instance",
                    "depends_on": [
                        "aws_key_pair.mykeypair",
                        "aws_security_group.kafka-zookeeper-cluster",
                        "aws_subnet.kafka-private-1"
                    ],
                    "primary": {
                        "id": "i-0332224c6e7ab5eae",
                        "attributes": {
                            "ami": "ami-001ce97055605d36e",
                            "arn": "arn:aws:ec2:us-east-1:XXXXXXXXXXX:instance/i-0332224c6e7ab5eae",
                            "associate_public_ip_address": "true",
                            "availability_zone": "us-east-1a",
                            "cpu_core_count": "1",
                            "cpu_threads_per_core": "1",
                            "credit_specification.#": "1",
                            "credit_specification.0.cpu_credits": "standard",
                            "disable_api_termination": "false",
                            "ebs_block_device.#": "1",
                            "ebs_block_device.3846643179.delete_on_termination": "false",
                            "ebs_block_device.3846643179.device_name": "/dev/xvdh",
                            "ebs_block_device.3846643179.encrypted": "false",
                            "ebs_block_device.3846643179.iops": "100",
                            "ebs_block_device.3846643179.snapshot_id": "",
                            "ebs_block_device.3846643179.volume_id": "vol-01d3759e0fd8306ca",
                            "ebs_block_device.3846643179.volume_size": "2",
                            "ebs_block_device.3846643179.volume_type": "gp2",
                            "ebs_optimized": "false",
                            "ephemeral_block_device.#": "0",
                            "get_password_data": "false",
                            "iam_instance_profile": "",
                            "id": "i-0332224c6e7ab5eae",
                            "instance_state": "running",
                            "instance_type": "t2.small",
                            "ipv6_address_count": "0",
                            "ipv6_addresses.#": "0",
                            "key_name": "kafkakeypair",
                            "monitoring": "false",
                            "network_interface.#": "0",
                            "password_data": "",
                            "placement_group": "",
                            "primary_network_interface_id": "eni-0405aa4d5367b750c",
                            "private_dns": "ip-10-10-4-9.ec2.internal",
                            "private_ip": "10.10.4.9",
                            "public_dns": "ec2-34-228-18-62.compute-1.amazonaws.com",
                            "public_ip": "34.228.18.62",
                            "root_block_device.#": "1",
                            "root_block_device.0.delete_on_termination": "true",
                            "root_block_device.0.iops": "100",
                            "root_block_device.0.volume_id": "vol-063b86ee360c184cf",
                            "root_block_device.0.volume_size": "8",
                            "root_block_device.0.volume_type": "gp2",
                            "security_groups.#": "0",
                            "source_dest_check": "true",
                            "subnet_id": "subnet-0546f13e9d430602d",
                            "tags.%": "1",
                            "tags.Name": "Kafka Zookeeper 1",
                            "tenancy": "default",
                            "volume_tags.%": "1",
                            "volume_tags.Name": "Volume for server kafka1",
                            "vpc_security_group_ids.#": "1",
                            "vpc_security_group_ids.3281821024": "sg-0c62b15128c24b0dc"
                        },
                        "meta": {
                            "e2bfb730-ecaa-11e6-8f88-34363bc7c4c0": {
                                "create": 600000000000,
                                "delete": 1200000000000,
                                "update": 600000000000
                            },
                            "schema_version": "1"
                        },
                        "tainted": false
                    },
                    "deposed": [],
                    "provider": "provider.aws"
                },
                "aws_internet_gateway.kafka-gateway": {
                    "type": "aws_internet_gateway",
                    "depends_on": [
                        "aws_vpc.kafka-vpc"
                    ],
                    "primary": {
                        "id": "igw-03c7d9268f1c4e510",
                        "attributes": {
                            "id": "igw-03c7d9268f1c4e510",
                            "owner_id": "XXXXXXXXXXX",
                            "tags.%": "1",
                            "tags.Name": "kafka-gateway",
                            "vpc_id": "vpc-0f69aeac64b77ec66"
                        },
                        "meta": {},
                        "tainted": false
                    },
                    "deposed": [],
                    "provider": "provider.aws"
                },
                "aws_key_pair.mykeypair": {
                    "type": "aws_key_pair",
                    "depends_on": [],
                    "primary": {
                        "id": "kafkakeypair",
                        "attributes": {
                            "fingerprint": "0c:e2:06:39:d6:42:0b:d6:64:4f:d9:f8:0a:38:af:26",
                            "id": "kafkakeypair",
                            "key_name": "kafkakeypair",
                            "public_key": "ssh-rsa AAAAB3NzaC1yc2EAAAADAQABAAABAQDrMrtMjU0anZEVKHI5mXpEy03BYoCljqk5EsRclw9QKGQ/b30pDUBYZUAeLzMVim4pe5wa+VFX3O7sL4o01xqzrSkqRdFlGDVN1c8j/APmiKBy8q2j6M3eyG/OMEX/sCtvOY8ZLubFUxaF8hmNz5xnTxG+t3zDn9Z4jjVe2Q2rkc0OmiQVBfUV07B2M0TOP0SotnZzRsZXwiG4GJthTOzDLhSW7kjA4wW8AkCLcioYJesKm9x5W3aCszTNOu8O7mt9Vhmtcu3YihhE1Blcm9pXopmRV/lZeKYoJ1Hk/cgrUTedFKyBBCFowrBydFmPJ9Bv0gi7NQyW7JF8cpkjj42z kanchankarjee@kanchans-MacBook-Pro.local"
                        },
                        "meta": {
                            "schema_version": "1"
                        },
                        "tainted": false
                    },
                    "deposed": [],
                    "provider": "provider.aws"
                },
                "aws_security_group.kafka-zookeeper-cluster": {
                    "type": "aws_security_group",
                    "depends_on": [
                        "aws_vpc.kafka-vpc"
                    ],
                    "primary": {
                        "id": "sg-0c62b15128c24b0dc",
                        "attributes": {
                            "arn": "arn:aws:ec2:us-east-1:XXXXXXXXXXX:security-group/sg-0c62b15128c24b0dc",
                            "description": "security group for kafka and zookeeper",
                            "egress.#": "1",
                            "egress.482069346.cidr_blocks.#": "1",
                            "egress.482069346.cidr_blocks.0": "0.0.0.0/0",
                            "egress.482069346.description": "",
                            "egress.482069346.from_port": "0",
                            "egress.482069346.ipv6_cidr_blocks.#": "0",
                            "egress.482069346.prefix_list_ids.#": "0",
                            "egress.482069346.protocol": "-1",
                            "egress.482069346.security_groups.#": "0",
                            "egress.482069346.self": "false",
                            "egress.482069346.to_port": "0",
                            "id": "sg-0c62b15128c24b0dc",
                            "ingress.#": "5",
                            "ingress.1590414571.cidr_blocks.#": "3",
                            "ingress.1590414571.cidr_blocks.0": "10.10.0.0/16",
                            "ingress.1590414571.cidr_blocks.1": "219.75.96.155/32",
                            "ingress.1590414571.cidr_blocks.2": "0.0.0.0/0",
                            "ingress.1590414571.description": "",
                            "ingress.1590414571.from_port": "22",
                            "ingress.1590414571.ipv6_cidr_blocks.#": "0",
                            "ingress.1590414571.prefix_list_ids.#": "0",
                            "ingress.1590414571.protocol": "tcp",
                            "ingress.1590414571.security_groups.#": "0",
                            "ingress.1590414571.self": "false",
                            "ingress.1590414571.to_port": "22",
                            "ingress.18516609.cidr_blocks.#": "1",
                            "ingress.18516609.cidr_blocks.0": "10.10.0.0/16",
                            "ingress.18516609.description": "",
                            "ingress.18516609.from_port": "2888",
                            "ingress.18516609.ipv6_cidr_blocks.#": "0",
                            "ingress.18516609.prefix_list_ids.#": "0",
                            "ingress.18516609.protocol": "tcp",
                            "ingress.18516609.security_groups.#": "0",
                            "ingress.18516609.self": "false",
                            "ingress.18516609.to_port": "2888",
                            "ingress.221222113.cidr_blocks.#": "1",
                            "ingress.221222113.cidr_blocks.0": "10.10.0.0/16",
                            "ingress.221222113.description": "",
                            "ingress.221222113.from_port": "9092",
                            "ingress.221222113.ipv6_cidr_blocks.#": "0",
                            "ingress.221222113.prefix_list_ids.#": "0",
                            "ingress.221222113.protocol": "tcp",
                            "ingress.221222113.security_groups.#": "0",
                            "ingress.221222113.self": "false",
                            "ingress.221222113.to_port": "9092",
                            "ingress.843876356.cidr_blocks.#": "1",
                            "ingress.843876356.cidr_blocks.0": "10.10.0.0/16",
                            "ingress.843876356.description": "",
                            "ingress.843876356.from_port": "2181",
                            "ingress.843876356.ipv6_cidr_blocks.#": "0",
                            "ingress.843876356.prefix_list_ids.#": "0",
                            "ingress.843876356.protocol": "tcp",
                            "ingress.843876356.security_groups.#": "0",
                            "ingress.843876356.self": "false",
                            "ingress.843876356.to_port": "2181",
                            "ingress.912123759.cidr_blocks.#": "1",
                            "ingress.912123759.cidr_blocks.0": "10.10.0.0/16",
                            "ingress.912123759.description": "",
                            "ingress.912123759.from_port": "3888",
                            "ingress.912123759.ipv6_cidr_blocks.#": "0",
                            "ingress.912123759.prefix_list_ids.#": "0",
                            "ingress.912123759.protocol": "tcp",
                            "ingress.912123759.security_groups.#": "0",
                            "ingress.912123759.self": "false",
                            "ingress.912123759.to_port": "3888",
                            "name": "kafka-cluster",
                            "owner_id": "XXXXXXXXXXX",
                            "revoke_rules_on_delete": "false",
                            "tags.%": "1",
                            "tags.Name": "kafka-zookeeper-cluster",
                            "vpc_id": "vpc-0f69aeac64b77ec66"
                        },
                        "meta": {
                            "e2bfb730-ecaa-11e6-8f88-34363bc7c4c0": {
                                "create": 600000000000,
                                "delete": 600000000000
                            },
                            "schema_version": "1"
                        },
                        "tainted": false
                    },
                    "deposed": [],
                    "provider": "provider.aws"
                },
                "aws_subnet.kafka-private-1": {
                    "type": "aws_subnet",
                    "depends_on": [
                        "aws_vpc.kafka-vpc"
                    ],
                    "primary": {
                        "id": "subnet-0546f13e9d430602d",
                        "attributes": {
                            "arn": "arn:aws:ec2:us-east-1:XXXXXXXXXXX:subnet/subnet-0546f13e9d430602d",
                            "assign_ipv6_address_on_creation": "false",
                            "availability_zone": "us-east-1a",
                            "availability_zone_id": "use1-az4",
                            "cidr_block": "10.10.4.0/24",
                            "id": "subnet-0546f13e9d430602d",
                            "ipv6_cidr_block": "",
                            "ipv6_cidr_block_association_id": "",
                            "map_public_ip_on_launch": "false",
                            "owner_id": "XXXXXXXXXXX",
                            "tags.%": "1",
                            "tags.Name": "kafka-private-1",
                            "vpc_id": "vpc-0f69aeac64b77ec66"
                        },
                        "meta": {
                            "e2bfb730-ecaa-11e6-8f88-34363bc7c4c0": {
                                "create": 600000000000,
                                "delete": 600000000000
                            },
                            "schema_version": "1"
                        },
                        "tainted": false
                    },
                    "deposed": [],
                    "provider": "provider.aws"
                },
                "aws_volume_attachment.ebs-vol-kafka1-attachment": {
                    "type": "aws_volume_attachment",
                    "depends_on": [
                        "aws_ebs_volume.ebs-vol-kafka1",
                        "aws_instance.kafka1"
                    ],
                    "primary": {
                        "id": "vai-9854706",
                        "attributes": {
                            "device_name": "/dev/xvdh",
                            "id": "vai-9854706",
                            "instance_id": "i-0332224c6e7ab5eae",
                            "volume_id": "vol-01d3759e0fd8306ca"
                        },
                        "meta": {},
                        "tainted": false
                    },
                    "deposed": [],
                    "provider": "provider.aws"
                },
                "aws_vpc.kafka-vpc": {
                    "type": "aws_vpc",
                    "depends_on": [],
                    "primary": {
                        "id": "vpc-0f69aeac64b77ec66",
                        "attributes": {
                            "arn": "arn:aws:ec2:us-east-1:XXXXXXXXXXX:vpc/vpc-0f69aeac64b77ec66",
                            "assign_generated_ipv6_cidr_block": "false",
                            "cidr_block": "10.10.0.0/16",
                            "default_network_acl_id": "acl-08b6f99b79723abec",
                            "default_route_table_id": "rtb-0c4ab764fac9938de",
                            "default_security_group_id": "sg-0bbe1aaffdbb7886e",
                            "dhcp_options_id": "dopt-b2c7edc9",
                            "enable_classiclink": "false",
                            "enable_classiclink_dns_support": "false",
                            "enable_dns_hostnames": "true",
                            "enable_dns_support": "true",
                            "id": "vpc-0f69aeac64b77ec66",
                            "instance_tenancy": "default",
                            "ipv6_association_id": "",
                            "ipv6_cidr_block": "",
                            "main_route_table_id": "rtb-0c4ab764fac9938de",
                            "owner_id": "XXXXXXXXXXX",
                            "tags.%": "1",
                            "tags.Name": "main"
                        },
                        "meta": {
                            "schema_version": "1"
                        },
                        "tainted": false
                    },
                    "deposed": [],
                    "provider": "provider.aws"
                }
            },
            "depends_on": []
        }
    ]
}
